
Microsoft Visual Studio Solution File, Format Version 12.00
# Visual Studio Version 17
VisualStudioVersion = 17.0.31903.59
MinimumVisualStudioVersion = 10.0.40219.1
Project("{9A19103F-16F7-4668-BE54-9A1E7A4F7556}") = "Catalog.API", "Services\Catalog\Catalog.API\Catalog.API.csproj", "{305CAC7C-BBC2-4940-A623-009655438021}"
EndProject
Project("{2150E333-8FDC-42A3-9474-1A3956D46DE8}") = "BuildingBlocks", "BuildingBlocks", "{3F2BF6DD-53B1-40F2-9182-3517B55FD6A4}"
EndProject
Project("{2150E333-8FDC-42A3-9474-1A3956D46DE8}") = "Services", "Services", "{7844500D-EF70-418F-A986-4D81C752758C}"
EndProject
Project("{2150E333-8FDC-42A3-9474-1A3956D46DE8}") = "Catalog", "Catalog", "{98319C2B-BCBC-4F8B-AFB7-024BD6096A91}"
EndProject
Project("{9A19103F-16F7-4668-BE54-9A1E7A4F7556}") = "BuildingBlocks", "BuildingBlocks\BuildingBlocks\BuildingBlocks.csproj", "{120DFDAC-39C9-48BA-96B3-3CAD57231F06}"
EndProject
Project("{E53339B2-1760-4266-BCC7-CA923CBCF16C}") = "docker-compose", "docker-compose.dcproj", "{2B00BF74-97D7-4D72-BB6C-F23190C1EC9E}"
EndProject
Project("{2150E333-8FDC-42A3-9474-1A3956D46DE8}") = "Basket", "Basket", "{939A6098-259D-4D7B-9E17-307EB1743CF4}"
EndProject
Project("{FAE04EC0-301F-11D3-BF4B-00C04F79EFBC}") = "Basket.API", "Services\Basket\Basket.API\Basket.API.csproj", "{A1DCAE3C-959A-473B-B1D7-68F83ECD0EBB}"
EndProject
Global
	GlobalSection(SolutionConfigurationPlatforms) = preSolution
		Debug|Any CPU = Debug|Any CPU
		Release|Any CPU = Release|Any CPU
	EndGlobalSection
	GlobalSection(ProjectConfigurationPlatforms) = postSolution
		{305CAC7C-BBC2-4940-A623-009655438021}.Debug|Any CPU.ActiveCfg = Debug|Any CPU
		{305CAC7C-BBC2-4940-A623-009655438021}.Debug|Any CPU.Build.0 = Debug|Any CPU
		{305CAC7C-BBC2-4940-A623-009655438021}.Release|Any CPU.ActiveCfg = Release|Any CPU
		{305CAC7C-BBC2-4940-A623-009655438021}.Release|Any CPU.Build.0 = Release|Any CPU
		{120DFDAC-39C9-48BA-96B3-3CAD57231F06}.Debug|Any CPU.ActiveCfg = Debug|Any CPU
		{120DFDAC-39C9-48BA-96B3-3CAD57231F06}.Debug|Any CPU.Build.0 = Debug|Any CPU
		{120DFDAC-39C9-48BA-96B3-3CAD57231F06}.Release|Any CPU.ActiveCfg = Release|Any CPU
		{120DFDAC-39C9-48BA-96B3-3CAD57231F06}.Release|Any CPU.Build.0 = Release|Any CPU
		{2B00BF74-97D7-4D72-BB6C-F23190C1EC9E}.Debug|Any CPU.ActiveCfg = Debug|Any CPU
		{2B00BF74-97D7-4D72-BB6C-F23190C1EC9E}.Debug|Any CPU.Build.0 = Debug|Any CPU
		{2B00BF74-97D7-4D72-BB6C-F23190C1EC9E}.Release|Any CPU.ActiveCfg = Release|Any CPU
		{2B00BF74-97D7-4D72-BB6C-F23190C1EC9E}.Release|Any CPU.Build.0 = Release|Any CPU
		{A1DCAE3C-959A-473B-B1D7-68F83ECD0EBB}.Debug|Any CPU.ActiveCfg = Debug|Any CPU
		{A1DCAE3C-959A-473B-B1D7-68F83ECD0EBB}.Debug|Any CPU.Build.0 = Debug|Any CPU
		{A1DCAE3C-959A-473B-B1D7-68F83ECD0EBB}.Release|Any CPU.ActiveCfg = Release|Any CPU
		{A1DCAE3C-959A-473B-B1D7-68F83ECD0EBB}.Release|Any CPU.Build.0 = Release|Any CPU
	EndGlobalSection
	GlobalSection(SolutionProperties) = preSolution
		HideSolutionNode = FALSE
	EndGlobalSection
	GlobalSection(NestedProjects) = preSolution
		{305CAC7C-BBC2-4940-A623-009655438021} = {98319C2B-BCBC-4F8B-AFB7-024BD6096A91}
		{98319C2B-BCBC-4F8B-AFB7-024BD6096A91} = {7844500D-EF70-418F-A986-4D81C752758C}
		{120DFDAC-39C9-48BA-96B3-3CAD57231F06} = {3F2BF6DD-53B1-40F2-9182-3517B55FD6A4}
		{939A6098-259D-4D7B-9E17-307EB1743CF4} = {7844500D-EF70-418F-A986-4D81C752758C}
		{A1DCAE3C-959A-473B-B1D7-68F83ECD0EBB} = {939A6098-259D-4D7B-9E17-307EB1743CF4}
	EndGlobalSection
	GlobalSection(ExtensibilityGlobals) = postSolution
		SolutionGuid = {60EA8646-FE77-4C29-A9B6-ED32A5EAFA8F}
	EndGlobalSection
EndGlobal
